
Microsoft Visual Studio Solution File, Format Version 12.00
# Visual Studio Version 16
VisualStudioVersion = 16.0.30907.101
MinimumVisualStudioVersion = 10.0.40219.1
Project("{FAE04EC0-301F-11D3-BF4B-00C04F79EFBC}") = "andkfox.bsod", "andkfox.bsod\andkfox.bsod.csproj", "{90EDAA1C-89DB-472B-B62D-CBA146E2BD82}"
EndProject
Project("{FAE04EC0-301F-11D3-BF4B-00C04F79EFBC}") = "SystemCrasher", "SystemCrasher\SystemCrasher.csproj", "{B06F9DEB-093A-4E03-9311-E9BBA8598BA8}"
EndProject
Global
	GlobalSection(SolutionConfigurationPlatforms) = preSolution
		Debug|Any CPU = Debug|Any CPU
		Release|Any CPU = Release|Any CPU
	EndGlobalSection
	GlobalSection(ProjectConfigurationPlatforms) = postSolution
		{90EDAA1C-89DB-472B-B62D-CBA146E2BD82}.Debug|Any CPU.ActiveCfg = Debug|Any CPU
		{90EDAA1C-89DB-472B-B62D-CBA146E2BD82}.Debug|Any CPU.Build.0 = Debug|Any CPU
		{90EDAA1C-89DB-472B-B62D-CBA146E2BD82}.Release|Any CPU.ActiveCfg = Release|Any CPU
		{90EDAA1C-89DB-472B-B62D-CBA146E2BD82}.Release|Any CPU.Build.0 = Release|Any CPU
		{B06F9DEB-093A-4E03-9311-E9BBA8598BA8}.Debug|Any CPU.ActiveCfg = Debug|Any CPU
		{B06F9DEB-093A-4E03-9311-E9BBA8598BA8}.Debug|Any CPU.Build.0 = Debug|Any CPU
		{B06F9DEB-093A-4E03-9311-E9BBA8598BA8}.Release|Any CPU.ActiveCfg = Release|Any CPU
		{B06F9DEB-093A-4E03-9311-E9BBA8598BA8}.Release|Any CPU.Build.0 = Release|Any CPU
	EndGlobalSection
	GlobalSection(SolutionProperties) = preSolution
		HideSolutionNode = FALSE
	EndGlobalSection
	GlobalSection(ExtensibilityGlobals) = postSolution
		SolutionGuid = {5F921446-5504-445C-97EB-432505E87273}
	EndGlobalSection
EndGlobal
